
Microsoft Visual Studio Solution File, Format Version 12.00
# Visual Studio Version 16
VisualStudioVersion = 16.0.29411.108
MinimumVisualStudioVersion = 10.0.40219.1
Project("{FAE04EC0-301F-11D3-BF4B-00C04F79EFBC}") = "Final Project", "Final Project\Final Project.csproj", "{D5EF5CF6-DDB0-4B15-B496-E82A1599EFC3}"
EndProject
Global
	GlobalSection(SolutionConfigurationPlatforms) = preSolution
		Debug|Any CPU = Debug|Any CPU
		Release|Any CPU = Release|Any CPU
	EndGlobalSection
	GlobalSection(ProjectConfigurationPlatforms) = postSolution
		{D5EF5CF6-DDB0-4B15-B496-E82A1599EFC3}.Debug|Any CPU.ActiveCfg = Debug|Any CPU
		{D5EF5CF6-DDB0-4B15-B496-E82A1599EFC3}.Debug|Any CPU.Build.0 = Debug|Any CPU
		{D5EF5CF6-DDB0-4B15-B496-E82A1599EFC3}.Release|Any CPU.ActiveCfg = Release|Any CPU
		{D5EF5CF6-DDB0-4B15-B496-E82A1599EFC3}.Release|Any CPU.Build.0 = Release|Any CPU
	EndGlobalSection
	GlobalSection(SolutionProperties) = preSolution
		HideSolutionNode = FALSE
	EndGlobalSection
	GlobalSection(ExtensibilityGlobals) = postSolution
		SolutionGuid = {9A3B578D-8B41-44F6-B094-0B63558DD8A2}
	EndGlobalSection
EndGlobal
